
Microsoft Visual Studio Solution File, Format Version 12.00
# Visual Studio Version 17
VisualStudioVersion = 17.0.31903.59
MinimumVisualStudioVersion = 10.0.40219.1
Project("{2150E333-8FDC-42A3-9474-1A3956D46DE8}") = "src", "src", "{827E0CD3-B72D-47B6-A68D-7590B98EB39B}"
EndProject
Project("{FAE04EC0-301F-11D3-BF4B-00C04F79EFBC}") = "CapOffloadProbe.Consumer", "src\CapOffloadProbe.Consumer\CapOffloadProbe.Consumer.csproj", "{6DBC20E5-ABEE-46D3-85C5-834D52E3539E}"
EndProject
Project("{FAE04EC0-301F-11D3-BF4B-00C04F79EFBC}") = "CapOffloadProbe.Producer", "src\CapOffloadProbe.Producer\CapOffloadProbe.Producer.csproj", "{03024EBC-59AC-42C2-A313-1A2534C86C82}"
EndProject
Project("{FAE04EC0-301F-11D3-BF4B-00C04F79EFBC}") = "CapOffloadProbe.Shared", "src\CapOffloadProbe.Shared\CapOffloadProbe.Shared.csproj", "{C481E192-B8D9-48B2-B80F-64E2736803D5}"
EndProject
Global
	GlobalSection(SolutionConfigurationPlatforms) = preSolution
		Debug|Any CPU = Debug|Any CPU
		Debug|x64 = Debug|x64
		Debug|x86 = Debug|x86
		Release|Any CPU = Release|Any CPU
		Release|x64 = Release|x64
		Release|x86 = Release|x86
	EndGlobalSection
	GlobalSection(ProjectConfigurationPlatforms) = postSolution
		{6DBC20E5-ABEE-46D3-85C5-834D52E3539E}.Debug|Any CPU.ActiveCfg = Debug|Any CPU
		{6DBC20E5-ABEE-46D3-85C5-834D52E3539E}.Debug|Any CPU.Build.0 = Debug|Any CPU
		{6DBC20E5-ABEE-46D3-85C5-834D52E3539E}.Debug|x64.ActiveCfg = Debug|Any CPU
		{6DBC20E5-ABEE-46D3-85C5-834D52E3539E}.Debug|x64.Build.0 = Debug|Any CPU
		{6DBC20E5-ABEE-46D3-85C5-834D52E3539E}.Debug|x86.ActiveCfg = Debug|Any CPU
		{6DBC20E5-ABEE-46D3-85C5-834D52E3539E}.Debug|x86.Build.0 = Debug|Any CPU
		{6DBC20E5-ABEE-46D3-85C5-834D52E3539E}.Release|Any CPU.ActiveCfg = Release|Any CPU
		{6DBC20E5-ABEE-46D3-85C5-834D52E3539E}.Release|Any CPU.Build.0 = Release|Any CPU
		{6DBC20E5-ABEE-46D3-85C5-834D52E3539E}.Release|x64.ActiveCfg = Release|Any CPU
		{6DBC20E5-ABEE-46D3-85C5-834D52E3539E}.Release|x64.Build.0 = Release|Any CPU
		{6DBC20E5-ABEE-46D3-85C5-834D52E3539E}.Release|x86.ActiveCfg = Release|Any CPU
		{6DBC20E5-ABEE-46D3-85C5-834D52E3539E}.Release|x86.Build.0 = Release|Any CPU
		{03024EBC-59AC-42C2-A313-1A2534C86C82}.Debug|Any CPU.ActiveCfg = Debug|Any CPU
		{03024EBC-59AC-42C2-A313-1A2534C86C82}.Debug|Any CPU.Build.0 = Debug|Any CPU
		{03024EBC-59AC-42C2-A313-1A2534C86C82}.Debug|x64.ActiveCfg = Debug|Any CPU
		{03024EBC-59AC-42C2-A313-1A2534C86C82}.Debug|x64.Build.0 = Debug|Any CPU
		{03024EBC-59AC-42C2-A313-1A2534C86C82}.Debug|x86.ActiveCfg = Debug|Any CPU
		{03024EBC-59AC-42C2-A313-1A2534C86C82}.Debug|x86.Build.0 = Debug|Any CPU
		{03024EBC-59AC-42C2-A313-1A2534C86C82}.Release|Any CPU.ActiveCfg = Release|Any CPU
		{03024EBC-59AC-42C2-A313-1A2534C86C82}.Release|Any CPU.Build.0 = Release|Any CPU
		{03024EBC-59AC-42C2-A313-1A2534C86C82}.Release|x64.ActiveCfg = Release|Any CPU
		{03024EBC-59AC-42C2-A313-1A2534C86C82}.Release|x64.Build.0 = Release|Any CPU
		{03024EBC-59AC-42C2-A313-1A2534C86C82}.Release|x86.ActiveCfg = Release|Any CPU
		{03024EBC-59AC-42C2-A313-1A2534C86C82}.Release|x86.Build.0 = Release|Any CPU
		{C481E192-B8D9-48B2-B80F-64E2736803D5}.Debug|Any CPU.ActiveCfg = Debug|Any CPU
		{C481E192-B8D9-48B2-B80F-64E2736803D5}.Debug|Any CPU.Build.0 = Debug|Any CPU
		{C481E192-B8D9-48B2-B80F-64E2736803D5}.Debug|x64.ActiveCfg = Debug|Any CPU
		{C481E192-B8D9-48B2-B80F-64E2736803D5}.Debug|x64.Build.0 = Debug|Any CPU
		{C481E192-B8D9-48B2-B80F-64E2736803D5}.Debug|x86.ActiveCfg = Debug|Any CPU
		{C481E192-B8D9-48B2-B80F-64E2736803D5}.Debug|x86.Build.0 = Debug|Any CPU
		{C481E192-B8D9-48B2-B80F-64E2736803D5}.Release|Any CPU.ActiveCfg = Release|Any CPU
		{C481E192-B8D9-48B2-B80F-64E2736803D5}.Release|Any CPU.Build.0 = Release|Any CPU
		{C481E192-B8D9-48B2-B80F-64E2736803D5}.Release|x64.ActiveCfg = Release|Any CPU
		{C481E192-B8D9-48B2-B80F-64E2736803D5}.Release|x64.Build.0 = Release|Any CPU
		{C481E192-B8D9-48B2-B80F-64E2736803D5}.Release|x86.ActiveCfg = Release|Any CPU
		{C481E192-B8D9-48B2-B80F-64E2736803D5}.Release|x86.Build.0 = Release|Any CPU
	EndGlobalSection
	GlobalSection(SolutionProperties) = preSolution
		HideSolutionNode = FALSE
	EndGlobalSection
	GlobalSection(NestedProjects) = preSolution
		{6DBC20E5-ABEE-46D3-85C5-834D52E3539E} = {827E0CD3-B72D-47B6-A68D-7590B98EB39B}
		{03024EBC-59AC-42C2-A313-1A2534C86C82} = {827E0CD3-B72D-47B6-A68D-7590B98EB39B}
		{C481E192-B8D9-48B2-B80F-64E2736803D5} = {827E0CD3-B72D-47B6-A68D-7590B98EB39B}
	EndGlobalSection
EndGlobal
